// !$*UTF8*$!
{
	archiveVersion = 1;
	classes = {
	};
	objectVersion = 50;
	objects = {

/* Begin PBXBuildFile section */
		C253313920BE403D005159D2 /* AppDelegate.swift in Sources */ = {isa = PBXBuildFile; fileRef = C253313820BE403D005159D2 /* AppDelegate.swift */; };
		C253313B20BE403D005159D2 /* MasterViewController.swift in Sources */ = {isa = PBXBuildFile; fileRef = C253313A20BE403D005159D2 /* MasterViewController.swift */; };
		C253313D20BE403D005159D2 /* DetailViewController.swift in Sources */ = {isa = PBXBuildFile; fileRef = C253313C20BE403D005159D2 /* DetailViewController.swift */; };
		C253314020BE403D005159D2 /* Main.storyboard in Resources */ = {isa = PBXBuildFile; fileRef = C253313E20BE403D005159D2 /* Main.storyboard */; };
		C253314220BE403D005159D2 /* Assets.xcassets in Resources */ = {isa = PBXBuildFile; fileRef = C253314120BE403D005159D2 /* Assets.xcassets */; };
		C253314520BE403D005159D2 /* LaunchScreen.storyboard in Resources */ = {isa = PBXBuildFile; fileRef = C253314320BE403D005159D2 /* LaunchScreen.storyboard */; };
		C253315320BE417B005159D2 /* fireworks005.jpg in Resources */ = {isa = PBXBuildFile; fileRef = C253314C20BE417B005159D2 /* fireworks005.jpg */; };
		C253315420BE417B005159D2 /* fireworks002.jpg in Resources */ = {isa = PBXBuildFile; fileRef = C253314D20BE417B005159D2 /* fireworks002.jpg */; };
		C253315520BE417B005159D2 /* fireworks004.jpg in Resources */ = {isa = PBXBuildFile; fileRef = C253314E20BE417B005159D2 /* fireworks004.jpg */; };
		C253315620BE417B005159D2 /* fireworks006.jpg in Resources */ = {isa = PBXBuildFile; fileRef = C253314F20BE417B005159D2 /* fireworks006.jpg */; };
		C253315720BE417B005159D2 /* fireworks001.jpg in Resources */ = {isa = PBXBuildFile; fileRef = C253315020BE417B005159D2 /* fireworks001.jpg */; };
		C253315820BE417B005159D2 /* fireworks003.jpg in Resources */ = {isa = PBXBuildFile; fileRef = C253315120BE417B005159D2 /* fireworks003.jpg */; };
		C253315920BE417B005159D2 /* fireworks007.jpg in Resources */ = {isa = PBXBuildFile; fileRef = C253315220BE417B005159D2 /* fireworks007.jpg */; };
/* End PBXBuildFile section */

/* Begin PBXFileReference section */
		C253313520BE403D005159D2 /* mMasterDetail.app */ = {isa = PBXFileReference; explicitFileType = wrapper.application; includeInIndex = 0; path = mMasterDetail.app; sourceTree = BUILT_PRODUCTS_DIR; };
		C253313820BE403D005159D2 /* AppDelegate.swift */ = {isa = PBXFileReference; lastKnownFileType = sourcecode.swift; path = AppDelegate.swift; sourceTree = "<group>"; };
		C253313A20BE403D005159D2 /* MasterViewController.swift */ = {isa = PBXFileReference; lastKnownFileType = sourcecode.swift; path = MasterViewController.swift; sourceTree = "<group>"; };
		C253313C20BE403D005159D2 /* DetailViewController.swift */ = {isa = PBXFileReference; lastKnownFileType = sourcecode.swift; path = DetailViewController.swift; sourceTree = "<group>"; };
		C253313F20BE403D005159D2 /* Base */ = {isa = PBXFileReference; lastKnownFileType = file.storyboard; name = Base; path = Base.lproj/Main.storyboard; sourceTree = "<group>"; };
		C253314120BE403D005159D2 /* Assets.xcassets */ = {isa = PBXFileReference; lastKnownFileType = folder.assetcatalog; path = Assets.xcassets; sourceTree = "<group>"; };
		C253314420BE403D005159D2 /* Base */ = {isa = PBXFileReference; lastKnownFileType = file.storyboard; name = Base; path = Base.lproj/LaunchScreen.storyboard; sourceTree = "<group>"; };
		C253314620BE403D005159D2 /* Info.plist */ = {isa = PBXFileReference; lastKnownFileType = text.plist.xml; path = Info.plist; sourceTree = "<group>"; };
		C253314C20BE417B005159D2 /* fireworks005.jpg */ = {isa = PBXFileReference; lastKnownFileType = image.jpeg; path = fireworks005.jpg; sourceTree = "<group>"; };
		C253314D20BE417B005159D2 /* fireworks002.jpg */ = {isa = PBXFileReference; lastKnownFileType = image.jpeg; path = fireworks002.jpg; sourceTree = "<group>"; };
		C253314E20BE417B005159D2 /* fireworks004.jpg */ = {isa = PBXFileReference; lastKnownFileType = image.jpeg; path = fireworks004.jpg; sourceTree = "<group>"; };
		C253314F20BE417B005159D2 /* fireworks006.jpg */ = {isa = PBXFileReference; lastKnownFileType = image.jpeg; path = fireworks006.jpg; sourceTree = "<group>"; };
		C253315020BE417B005159D2 /* fireworks001.jpg */ = {isa = PBXFileReference; lastKnownFileType = image.jpeg; path = fireworks001.jpg; sourceTree = "<group>"; };
		C253315120BE417B005159D2 /* fireworks003.jpg */ = {isa = PBXFileReference; lastKnownFileType = image.jpeg; path = fireworks003.jpg; sourceTree = "<group>"; };
		C253315220BE417B005159D2 /* fireworks007.jpg */ = {isa = PBXFileReference; lastKnownFileType = image.jpeg; path = fireworks007.jpg; sourceTree = "<group>"; };
/* End PBXFileReference section */

/* Begin PBXFrameworksBuildPhase section */
		C253313220BE403D005159D2 /* Frameworks */ = {
			isa = PBXFrameworksBuildPhase;
			buildActionMask = 2147483647;
			files = (
			);
			runOnlyForDeploymentPostprocessing = 0;
		};
/* End PBXFrameworksBuildPhase section */

/* Begin PBXGroup section */
		C253312C20BE403D005159D2 = {
			isa = PBXGroup;
			children = (
				C253313720BE403D005159D2 /* mMasterDetail */,
				C253313620BE403D005159D2 /* Products */,
			);
			sourceTree = "<group>";
		};
		C253313620BE403D005159D2 /* Products */ = {
			isa = PBXGroup;
			children = (
				C253313520BE403D005159D2 /* mMasterDetail.app */,
			);
			name = Products;
			sourceTree = "<group>";
		};
		C253313720BE403D005159D2 /* mMasterDetail */ = {
			isa = PBXGroup;
			children = (
				C253315020BE417B005159D2 /* fireworks001.jpg */,
				C253314D20BE417B005159D2 /* fireworks002.jpg */,
				C253315120BE417B005159D2 /* fireworks003.jpg */,
				C253314E20BE417B005159D2 /* fireworks004.jpg */,
				C253314C20BE417B005159D2 /* fireworks005.jpg */,
				C253314F20BE417B005159D2 /* fireworks006.jpg */,
				C253315220BE417B005159D2 /* fireworks007.jpg */,
				C253313820BE403D005159D2 /* AppDelegate.swift */,
				C253313A20BE403D005159D2 /* MasterViewController.swift */,
				C253313C20BE403D005159D2 /* DetailViewController.swift */,
				C253313E20BE403D005159D2 /* Main.storyboard */,
				C253314120BE403D005159D2 /* Assets.xcassets */,
				C253314320BE403D005159D2 /* LaunchScreen.storyboard */,
				C253314620BE403D005159D2 /* Info.plist */,
			);
			path = mMasterDetail;
			sourceTree = "<group>";
		};
/* End PBXGroup section */

/* Begin PBXNativeTarget section */
		C253313420BE403D005159D2 /* mMasterDetail */ = {
			isa = PBXNativeTarget;
			buildConfigurationList = C253314920BE403D005159D2 /* Build configuration list for PBXNativeTarget "mMasterDetail" */;
			buildPhases = (
				C253313120BE403D005159D2 /* Sources */,
				C253313220BE403D005159D2 /* Frameworks */,
				C253313320BE403D005159D2 /* Resources */,
			);
			buildRules = (
			);
			dependencies = (
			);
			name = mMasterDetail;
			productName = mMasterDetail;
			productReference = C253313520BE403D005159D2 /* mMasterDetail.app */;
			productType = "com.apple.product-type.application";
		};
/* End PBXNativeTarget section */

/* Begin PBXProject section */
		C253312D20BE403D005159D2 /* Project object */ = {
			isa = PBXProject;
			attributes = {
				LastSwiftUpdateCheck = 0930;
				LastUpgradeCheck = 0930;
				ORGANIZATIONNAME = "스마트금융과7";
				TargetAttributes = {
					C253313420BE403D005159D2 = {
						CreatedOnToolsVersion = 9.3;
					};
				};
			};
			buildConfigurationList = C253313020BE403D005159D2 /* Build configuration list for PBXProject "mMasterDetail" */;
			compatibilityVersion = "Xcode 9.3";
			developmentRegion = en;
			hasScannedForEncodings = 0;
			knownRegions = (
				en,
				Base,
			);
			mainGroup = C253312C20BE403D005159D2;
			productRefGroup = C253313620BE403D005159D2 /* Products */;
			projectDirPath = "";
			projectRoot = "";
			targets = (
				C253313420BE403D005159D2 /* mMasterDetail */,
			);
		};
/* End PBXProject section */

/* Begin PBXResourcesBuildPhase section */
		C253313320BE403D005159D2 /* Resources */ = {
			isa = PBXResourcesBuildPhase;
			buildActionMask = 2147483647;
			files = (
				C253315320BE417B005159D2 /* fireworks005.jpg in Resources */,
				C253315520BE417B005159D2 /* fireworks004.jpg in Resources */,
				C253315920BE417B005159D2 /* fireworks007.jpg in Resources */,
				C253314520BE403D005159D2 /* LaunchScreen.storyboard in Resources */,
				C253315420BE417B005159D2 /* fireworks002.jpg in Resources */,
				C253315820BE417B005159D2 /* fireworks003.jpg in Resources */,
				C253315720BE417B005159D2 /* fireworks001.jpg in Resources */,
				C253315620BE417B005159D2 /* fireworks006.jpg in Resources */,
				C253314220BE403D005159D2 /* Assets.xcassets in Resources */,
				C253314020BE403D005159D2 /* Main.storyboard in Resources */,
			);
			runOnlyForDeploymentPostprocessing = 0;
		};
/* End PBXResourcesBuildPhase section */

/* Begin PBXSourcesBuildPhase section */
		C253313120BE403D005159D2 /* Sources */ = {
			isa = PBXSourcesBuildPhase;
			buildActionMask = 2147483647;
			files = (
				C253313D20BE403D005159D2 /* DetailViewController.swift in Sources */,
				C253313B20BE403D005159D2 /* MasterViewController.swift in Sources */,
				C253313920BE403D005159D2 /* AppDelegate.swift in Sources */,
			);
			runOnlyForDeploymentPostprocessing = 0;
		};
/* End PBXSourcesBuildPhase section */

/* Begin PBXVariantGroup section */
		C253313E20BE403D005159D2 /* Main.storyboard */ = {
			isa = PBXVariantGroup;
			children = (
				C253313F20BE403D005159D2 /* Base */,
			);
			name = Main.storyboard;
			sourceTree = "<group>";
		};
		C253314320BE403D005159D2 /* LaunchScreen.storyboard */ = {
			isa = PBXVariantGroup;
			children = (
				C253314420BE403D005159D2 /* Base */,
			);
			name = LaunchScreen.storyboard;
			sourceTree = "<group>";
		};
/* End PBXVariantGroup section */

/* Begin XCBuildConfiguration section */
		C253314720BE403D005159D2 /* Debug */ = {
			isa = XCBuildConfiguration;
			buildSettings = {
				ALWAYS_SEARCH_USER_PATHS = NO;
				CLANG_ANALYZER_NONNULL = YES;
				CLANG_ANALYZER_NUMBER_OBJECT_CONVERSION = YES_AGGRESSIVE;
				CLANG_CXX_LANGUAGE_STANDARD = "gnu++14";
				CLANG_CXX_LIBRARY = "libc++";
				CLANG_ENABLE_MODULES = YES;
				CLANG_ENABLE_OBJC_ARC = YES;
				CLANG_ENABLE_OBJC_WEAK = YES;
				CLANG_WARN_BLOCK_CAPTURE_AUTORELEASING = YES;
				CLANG_WARN_BOOL_CONVERSION = YES;
				CLANG_WARN_COMMA = YES;
				CLANG_WARN_CONSTANT_CONVERSION = YES;
				CLANG_WARN_DEPRECATED_OBJC_IMPLEMENTATIONS = YES;
				CLANG_WARN_DIRECT_OBJC_ISA_USAGE = YES_ERROR;
				CLANG_WARN_DOCUMENTATION_COMMENTS = YES;
				CLANG_WARN_EMPTY_BODY = YES;
				CLANG_WARN_ENUM_CONVERSION = YES;
				CLANG_WARN_INFINITE_RECURSION = YES;
				CLANG_WARN_INT_CONVERSION = YES;
				CLANG_WARN_NON_LITERAL_NULL_CONVERSION = YES;
				CLANG_WARN_OBJC_IMPLICIT_RETAIN_SELF = YES;
				CLANG_WARN_OBJC_LITERAL_CONVERSION = YES;
				CLANG_WARN_OBJC_ROOT_CLASS = YES_ERROR;
				CLANG_WARN_RANGE_LOOP_ANALYSIS = YES;
				CLANG_WARN_STRICT_PROTOTYPES = YES;
				CLANG_WARN_SUSPICIOUS_MOVE = YES;
				CLANG_WARN_UNGUARDED_AVAILABILITY = YES_AGGRESSIVE;
				CLANG_WARN_UNREACHABLE_CODE = YES;
				CLANG_WARN__DUPLICATE_METHOD_MATCH = YES;
				CODE_SIGN_IDENTITY = "iPhone Developer";
				COPY_PHASE_STRIP = NO;
				DEBUG_INFORMATION_FORMAT = dwarf;
				ENABLE_STRICT_OBJC_MSGSEND = YES;
				ENABLE_TESTABILITY = YES;
				GCC_C_LANGUAGE_STANDARD = gnu11;
				GCC_DYNAMIC_NO_PIC = NO;
				GCC_NO_COMMON_BLOCKS = YES;
				GCC_OPTIMIZATION_LEVEL = 0;
				GCC_PREPROCESSOR_DEFINITIONS = (
					"DEBUG=1",
					"$(inherited)",
				);
				GCC_WARN_64_TO_32_BIT_CONVERSION = YES;
				GCC_WARN_ABOUT_RETURN_TYPE = YES_ERROR;
				GCC_WARN_UNDECLARED_SELECTOR = YES;
				GCC_WARN_UNINITIALIZED_AUTOS = YES_AGGRESSIVE;
				GCC_WARN_UNUSED_FUNCTION = YES;
				GCC_WARN_UNUSED_VARIABLE = YES;
				IPHONEOS_DEPLOYMENT_TARGET = 11.3;
				MTL_ENABLE_DEBUG_INFO = YES;
				ONLY_ACTIVE_ARCH = YES;
				SDKROOT = iphoneos;
				SWIFT_ACTIVE_COMPILATION_CONDITIONS = DEBUG;
				SWIFT_OPTIMIZATION_LEVEL = "-Onone";
			};
			name = Debug;
		};
		C253314820BE403D005159D2 /* Release */ = {
			isa = XCBuildConfiguration;
			buildSettings = {
				ALWAYS_SEARCH_USER_PATHS = NO;
				CLANG_ANALYZER_NONNULL = YES;
				CLANG_ANALYZER_NUMBER_OBJECT_CONVERSION = YES_AGGRESSIVE;
				CLANG_CXX_LANGUAGE_STANDARD = "gnu++14";
				CLANG_CXX_LIBRARY = "libc++";
				CLANG_ENABLE_MODULES = YES;
				CLANG_ENABLE_OBJC_ARC = YES;
				CLANG_ENABLE_OBJC_WEAK = YES;
				CLANG_WARN_BLOCK_CAPTURE_AUTORELEASING = YES;
				CLANG_WARN_BOOL_CONVERSION = YES;
				CLANG_WARN_COMMA = YES;
				CLANG_WARN_CONSTANT_CONVERSION = YES;
				CLANG_WARN_DEPRECATED_OBJC_IMPLEMENTATIONS = YES;
				CLANG_WARN_DIRECT_OBJC_ISA_USAGE = YES_ERROR;
				CLANG_WARN_DOCUMENTATION_COMMENTS = YES;
				CLANG_WARN_EMPTY_BODY = YES;
				CLANG_WARN_ENUM_CONVERSION = YES;
				CLANG_WARN_INFINITE_RECURSION = YES;
				CLANG_WARN_INT_CONVERSION = YES;
				CLANG_WARN_NON_LITERAL_NULL_CONVERSION = YES;
				CLANG_WARN_OBJC_IMPLICIT_RETAIN_SELF = YES;
				CLANG_WARN_OBJC_LITERAL_CONVERSION = YES;
				CLANG_WARN_OBJC_ROOT_CLASS = YES_ERROR;
				CLANG_WARN_RANGE_LOOP_ANALYSIS = YES;
				CLANG_WARN_STRICT_PROTOTYPES = YES;
				CLANG_WARN_SUSPICIOUS_MOVE = YES;
				CLANG_WARN_UNGUARDED_AVAILABILITY = YES_AGGRESSIVE;
				CLANG_WARN_UNREACHABLE_CODE = YES;
				CLANG_WARN__DUPLICATE_METHOD_MATCH = YES;
				CODE_SIGN_IDENTITY = "iPhone Developer";
				COPY_PHASE_STRIP = NO;
				DEBUG_INFORMATION_FORMAT = "dwarf-with-dsym";
				ENABLE_NS_ASSERTIONS = NO;
				ENABLE_STRICT_OBJC_MSGSEND = YES;
				GCC_C_LANGUAGE_STANDARD = gnu11;
				GCC_NO_COMMON_BLOCKS = YES;
				GCC_WARN_64_TO_32_BIT_CONVERSION = YES;
				GCC_WARN_ABOUT_RETURN_TYPE = YES_ERROR;
				GCC_WARN_UNDECLARED_SELECTOR = YES;
				GCC_WARN_UNINITIALIZED_AUTOS = YES_AGGRESSIVE;
				GCC_WARN_UNUSED_FUNCTION = YES;
				GCC_WARN_UNUSED_VARIABLE = YES;
				IPHONEOS_DEPLOYMENT_TARGET = 11.3;
				MTL_ENABLE_DEBUG_INFO = NO;
				SDKROOT = iphoneos;
				SWIFT_COMPILATION_MODE = wholemodule;
				SWIFT_OPTIMIZATION_LEVEL = "-O";
				VALIDATE_PRODUCT = YES;
			};
			name = Release;
		};
		C253314A20BE403D005159D2 /* Debug */ = {
			isa = XCBuildConfiguration;
			buildSettings = {
				ASSETCATALOG_COMPILER_APPICON_NAME = AppIcon;
				CODE_SIGN_STYLE = Automatic;
				INFOPLIST_FILE = mMasterDetail/Info.plist;
				LD_RUNPATH_SEARCH_PATHS = (
					"$(inherited)",
					"@executable_path/Frameworks",
				);
				PRODUCT_BUNDLE_IDENTIFIER = "-------.mMasterDetail";
				PRODUCT_NAME = "$(TARGET_NAME)";
				SWIFT_VERSION = 4.0;
				TARGETED_DEVICE_FAMILY = "1,2";
			};
			name = Debug;
		};
		C253314B20BE403D005159D2 /* Release */ = {
			isa = XCBuildConfiguration;
			buildSettings = {
				ASSETCATALOG_COMPILER_APPICON_NAME = AppIcon;
				CODE_SIGN_STYLE = Automatic;
				INFOPLIST_FILE = mMasterDetail/Info.plist;
				LD_RUNPATH_SEARCH_PATHS = (
					"$(inherited)",
					"@executable_path/Frameworks",
				);
				PRODUCT_BUNDLE_IDENTIFIER = "-------.mMasterDetail";
				PRODUCT_NAME = "$(TARGET_NAME)";
				SWIFT_VERSION = 4.0;
				TARGETED_DEVICE_FAMILY = "1,2";
			};
			name = Release;
		};
/* End XCBuildConfiguration section */

/* Begin XCConfigurationList section */
		C253313020BE403D005159D2 /* Build configuration list for PBXProject "mMasterDetail" */ = {
			isa = XCConfigurationList;
			buildConfigurations = (
				C253314720BE403D005159D2 /* Debug */,
				C253314820BE403D005159D2 /* Release */,
			);
			defaultConfigurationIsVisible = 0;
			defaultConfigurationName = Release;
		};
		C253314920BE403D005159D2 /* Build configuration list for PBXNativeTarget "mMasterDetail" */ = {
			isa = XCConfigurationList;
			buildConfigurations = (
				C253314A20BE403D005159D2 /* Debug */,
				C253314B20BE403D005159D2 /* Release */,
			);
			defaultConfigurationIsVisible = 0;
			defaultConfigurationName = Release;
		};
/* End XCConfigurationList section */
	};
	rootObject = C253312D20BE403D005159D2 /* Project object */;
}
